
Microsoft Visual Studio Solution File, Format Version 12.00
# Visual Studio Version 17
VisualStudioVersion = 17.11.35312.102
MinimumVisualStudioVersion = 10.0.40219.1
Project("{FAE04EC0-301F-11D3-BF4B-00C04F79EFBC}") = "CatalogApi", "CatalogApi\CatalogApi.csproj", "{5566B456-6F5F-4DFF-BC5B-9BB56617CAA9}"
EndProject
Project("{FAE04EC0-301F-11D3-BF4B-00C04F79EFBC}") = "GamesAndTests", "GamesAndTests\GamesAndTests.csproj", "{77906C31-4A00-4FB9-91D9-FF4D48394B39}"
EndProject
Global
	GlobalSection(SolutionConfigurationPlatforms) = preSolution
		Debug|Any CPU = Debug|Any CPU
		Release|Any CPU = Release|Any CPU
	EndGlobalSection
	GlobalSection(ProjectConfigurationPlatforms) = postSolution
		{5566B456-6F5F-4DFF-BC5B-9BB56617CAA9}.Debug|Any CPU.ActiveCfg = Debug|Any CPU
		{5566B456-6F5F-4DFF-BC5B-9BB56617CAA9}.Debug|Any CPU.Build.0 = Debug|Any CPU
		{5566B456-6F5F-4DFF-BC5B-9BB56617CAA9}.Release|Any CPU.ActiveCfg = Release|Any CPU
		{5566B456-6F5F-4DFF-BC5B-9BB56617CAA9}.Release|Any CPU.Build.0 = Release|Any CPU
		{77906C31-4A00-4FB9-91D9-FF4D48394B39}.Debug|Any CPU.ActiveCfg = Debug|Any CPU
		{77906C31-4A00-4FB9-91D9-FF4D48394B39}.Debug|Any CPU.Build.0 = Debug|Any CPU
		{77906C31-4A00-4FB9-91D9-FF4D48394B39}.Release|Any CPU.ActiveCfg = Release|Any CPU
		{77906C31-4A00-4FB9-91D9-FF4D48394B39}.Release|Any CPU.Build.0 = Release|Any CPU
	EndGlobalSection
	GlobalSection(SolutionProperties) = preSolution
		HideSolutionNode = FALSE
	EndGlobalSection
	GlobalSection(ExtensibilityGlobals) = postSolution
		SolutionGuid = {5412C993-3F8A-4B47-8BA3-ADDB8CC19F58}
	EndGlobalSection
EndGlobal
